
Microsoft Visual Studio Solution File, Format Version 12.00
# Visual Studio Version 16
VisualStudioVersion = 16.0.30225.117
MinimumVisualStudioVersion = 10.0.40219.1
Project("{FAE04EC0-301F-11D3-BF4B-00C04F79EFBC}") = "Almacen2.0", "Almacen2.0\Almacen2.0.csproj", "{03E04E96-9442-45FF-8B1A-114BE2028EE0}"
EndProject
Project("{FAE04EC0-301F-11D3-BF4B-00C04F79EFBC}") = "PruebasUnitarias", "PruebasUnitarias\PruebasUnitarias.csproj", "{AB9E0BF4-827D-491B-B8B2-0880EE80A844}"
EndProject
Global
	GlobalSection(SolutionConfigurationPlatforms) = preSolution
		Debug|Any CPU = Debug|Any CPU
		Release|Any CPU = Release|Any CPU
	EndGlobalSection
	GlobalSection(ProjectConfigurationPlatforms) = postSolution
		{03E04E96-9442-45FF-8B1A-114BE2028EE0}.Debug|Any CPU.ActiveCfg = Debug|Any CPU
		{03E04E96-9442-45FF-8B1A-114BE2028EE0}.Debug|Any CPU.Build.0 = Debug|Any CPU
		{03E04E96-9442-45FF-8B1A-114BE2028EE0}.Release|Any CPU.ActiveCfg = Release|Any CPU
		{03E04E96-9442-45FF-8B1A-114BE2028EE0}.Release|Any CPU.Build.0 = Release|Any CPU
		{AB9E0BF4-827D-491B-B8B2-0880EE80A844}.Debug|Any CPU.ActiveCfg = Debug|Any CPU
		{AB9E0BF4-827D-491B-B8B2-0880EE80A844}.Debug|Any CPU.Build.0 = Debug|Any CPU
		{AB9E0BF4-827D-491B-B8B2-0880EE80A844}.Release|Any CPU.ActiveCfg = Release|Any CPU
		{AB9E0BF4-827D-491B-B8B2-0880EE80A844}.Release|Any CPU.Build.0 = Release|Any CPU
	EndGlobalSection
	GlobalSection(SolutionProperties) = preSolution
		HideSolutionNode = FALSE
	EndGlobalSection
	GlobalSection(ExtensibilityGlobals) = postSolution
		SolutionGuid = {632346EA-1FF7-4941-BD48-116C06D6E815}
	EndGlobalSection
EndGlobal
